
Microsoft Visual Studio Solution File, Format Version 12.00
# Visual Studio 15
VisualStudioVersion = 15.0.26730.15
MinimumVisualStudioVersion = 10.0.40219.1
Project("{FAE04EC0-301F-11D3-BF4B-00C04F79EFBC}") = "IO_lab_zad2", "IO_lab_zad2\IO_lab_zad2.csproj", "{307E27B4-99E7-4E4C-8D2C-3F97A5A90C9A}"
EndProject
Global
	GlobalSection(SolutionConfigurationPlatforms) = preSolution
		Debug|Any CPU = Debug|Any CPU
		Release|Any CPU = Release|Any CPU
	EndGlobalSection
	GlobalSection(ProjectConfigurationPlatforms) = postSolution
		{307E27B4-99E7-4E4C-8D2C-3F97A5A90C9A}.Debug|Any CPU.ActiveCfg = Debug|Any CPU
		{307E27B4-99E7-4E4C-8D2C-3F97A5A90C9A}.Debug|Any CPU.Build.0 = Debug|Any CPU
		{307E27B4-99E7-4E4C-8D2C-3F97A5A90C9A}.Release|Any CPU.ActiveCfg = Release|Any CPU
		{307E27B4-99E7-4E4C-8D2C-3F97A5A90C9A}.Release|Any CPU.Build.0 = Release|Any CPU
	EndGlobalSection
	GlobalSection(SolutionProperties) = preSolution
		HideSolutionNode = FALSE
	EndGlobalSection
	GlobalSection(ExtensibilityGlobals) = postSolution
		SolutionGuid = {6C723C2D-5764-4932-8FBD-B40706E14566}
	EndGlobalSection
EndGlobal
