
Microsoft Visual Studio Solution File, Format Version 12.00
# Visual Studio 15
VisualStudioVersion = 15.0.27004.2002
MinimumVisualStudioVersion = 10.0.40219.1
Project("{FAE04EC0-301F-11D3-BF4B-00C04F79EFBC}") = "IO_lab2_zad1", "IO_lab2_zad1\IO_lab2_zad1.csproj", "{3D196CA8-6228-40C4-AA47-40AE9BA8FE0C}"
EndProject
Global
	GlobalSection(SolutionConfigurationPlatforms) = preSolution
		Debug|Any CPU = Debug|Any CPU
		Release|Any CPU = Release|Any CPU
	EndGlobalSection
	GlobalSection(ProjectConfigurationPlatforms) = postSolution
		{3D196CA8-6228-40C4-AA47-40AE9BA8FE0C}.Debug|Any CPU.ActiveCfg = Debug|Any CPU
		{3D196CA8-6228-40C4-AA47-40AE9BA8FE0C}.Debug|Any CPU.Build.0 = Debug|Any CPU
		{3D196CA8-6228-40C4-AA47-40AE9BA8FE0C}.Release|Any CPU.ActiveCfg = Release|Any CPU
		{3D196CA8-6228-40C4-AA47-40AE9BA8FE0C}.Release|Any CPU.Build.0 = Release|Any CPU
	EndGlobalSection
	GlobalSection(SolutionProperties) = preSolution
		HideSolutionNode = FALSE
	EndGlobalSection
	GlobalSection(ExtensibilityGlobals) = postSolution
		SolutionGuid = {56A16612-E5B6-4FFE-8014-4975708777E0}
	EndGlobalSection
EndGlobal
