
Microsoft Visual Studio Solution File, Format Version 12.00
# Visual Studio 15
VisualStudioVersion = 15.0.27004.2002
MinimumVisualStudioVersion = 10.0.40219.1
Project("{FAE04EC0-301F-11D3-BF4B-00C04F79EFBC}") = "IO_lab2_zad7", "IO_lab2_zad7\IO_lab2_zad7.csproj", "{F8C95030-66D5-469E-8CC0-F8C4E65C868C}"
EndProject
Project("{FAE04EC0-301F-11D3-BF4B-00C04F79EFBC}") = "IO_lab2_zad8", "IO_lab2_zad8\IO_lab2_zad8.csproj", "{E120D124-DF20-4F9A-88BD-8599ED7DE3DE}"
EndProject
Global
	GlobalSection(SolutionConfigurationPlatforms) = preSolution
		Debug|Any CPU = Debug|Any CPU
		Release|Any CPU = Release|Any CPU
	EndGlobalSection
	GlobalSection(ProjectConfigurationPlatforms) = postSolution
		{F8C95030-66D5-469E-8CC0-F8C4E65C868C}.Debug|Any CPU.ActiveCfg = Debug|Any CPU
		{F8C95030-66D5-469E-8CC0-F8C4E65C868C}.Debug|Any CPU.Build.0 = Debug|Any CPU
		{F8C95030-66D5-469E-8CC0-F8C4E65C868C}.Release|Any CPU.ActiveCfg = Release|Any CPU
		{F8C95030-66D5-469E-8CC0-F8C4E65C868C}.Release|Any CPU.Build.0 = Release|Any CPU
		{E120D124-DF20-4F9A-88BD-8599ED7DE3DE}.Debug|Any CPU.ActiveCfg = Debug|Any CPU
		{E120D124-DF20-4F9A-88BD-8599ED7DE3DE}.Debug|Any CPU.Build.0 = Debug|Any CPU
		{E120D124-DF20-4F9A-88BD-8599ED7DE3DE}.Release|Any CPU.ActiveCfg = Release|Any CPU
		{E120D124-DF20-4F9A-88BD-8599ED7DE3DE}.Release|Any CPU.Build.0 = Release|Any CPU
	EndGlobalSection
	GlobalSection(SolutionProperties) = preSolution
		HideSolutionNode = FALSE
	EndGlobalSection
	GlobalSection(ExtensibilityGlobals) = postSolution
		SolutionGuid = {0932EEBB-E3D8-46A3-B01B-58D6A63EB1E4}
	EndGlobalSection
EndGlobal
